
Microsoft Visual Studio Solution File, Format Version 12.00
# Visual Studio 15
VisualStudioVersion = 15.0.27703.2000
MinimumVisualStudioVersion = 10.0.40219.1
Project("{FAE04EC0-301F-11D3-BF4B-00C04F79EFBC}") = "ConsoleApp8", "ConsoleApp8\ConsoleApp8.csproj", "{AA295131-B951-4EDE-AEB5-9D83F0991E0A}"
EndProject
Project("{FAE04EC0-301F-11D3-BF4B-00C04F79EFBC}") = "ClassLibrary1", "ClassLibrary1\ClassLibrary1.csproj", "{5BEAD98A-C221-4341-BA0E-B949CEC7D1C7}"
EndProject
Global
	GlobalSection(SolutionConfigurationPlatforms) = preSolution
		Debug|Any CPU = Debug|Any CPU
		Release|Any CPU = Release|Any CPU
	EndGlobalSection
	GlobalSection(ProjectConfigurationPlatforms) = postSolution
		{AA295131-B951-4EDE-AEB5-9D83F0991E0A}.Debug|Any CPU.ActiveCfg = Debug|Any CPU
		{AA295131-B951-4EDE-AEB5-9D83F0991E0A}.Debug|Any CPU.Build.0 = Debug|Any CPU
		{AA295131-B951-4EDE-AEB5-9D83F0991E0A}.Release|Any CPU.ActiveCfg = Release|Any CPU
		{AA295131-B951-4EDE-AEB5-9D83F0991E0A}.Release|Any CPU.Build.0 = Release|Any CPU
		{5BEAD98A-C221-4341-BA0E-B949CEC7D1C7}.Debug|Any CPU.ActiveCfg = Debug|Any CPU
		{5BEAD98A-C221-4341-BA0E-B949CEC7D1C7}.Debug|Any CPU.Build.0 = Debug|Any CPU
		{5BEAD98A-C221-4341-BA0E-B949CEC7D1C7}.Release|Any CPU.ActiveCfg = Release|Any CPU
		{5BEAD98A-C221-4341-BA0E-B949CEC7D1C7}.Release|Any CPU.Build.0 = Release|Any CPU
	EndGlobalSection
	GlobalSection(SolutionProperties) = preSolution
		HideSolutionNode = FALSE
	EndGlobalSection
	GlobalSection(ExtensibilityGlobals) = postSolution
		SolutionGuid = {7CF874B6-FBE4-47B4-8034-3BFE9E0603DD}
	EndGlobalSection
EndGlobal
